// !$*UTF8*$!
{
	archiveVersion = 1;
	classes = {
	};
	objectVersion = 50;
	objects = {

/* Begin PBXBuildFile section */
		CB4B7F0B219427DB0031777B /* AppDelegate.swift in Sources */ = {isa = PBXBuildFile; fileRef = CB4B7F0A219427DB0031777B /* AppDelegate.swift */; };
		CB4B7F0D219427DB0031777B /* ViewController.swift in Sources */ = {isa = PBXBuildFile; fileRef = CB4B7F0C219427DB0031777B /* ViewController.swift */; };
		CB4B7F10219427DB0031777B /* Main.storyboard in Resources */ = {isa = PBXBuildFile; fileRef = CB4B7F0E219427DB0031777B /* Main.storyboard */; };
		CB4B7F13219427DB0031777B /* downloadAPpXD.xcdatamodeld in Sources */ = {isa = PBXBuildFile; fileRef = CB4B7F11219427DB0031777B /* downloadAPpXD.xcdatamodeld */; };
		CB4B7F15219427DD0031777B /* Assets.xcassets in Resources */ = {isa = PBXBuildFile; fileRef = CB4B7F14219427DD0031777B /* Assets.xcassets */; };
		CB4B7F18219427DD0031777B /* LaunchScreen.storyboard in Resources */ = {isa = PBXBuildFile; fileRef = CB4B7F16219427DD0031777B /* LaunchScreen.storyboard */; };
		CB4B7F20219427EA0031777B /* Download.swift in Sources */ = {isa = PBXBuildFile; fileRef = CB4B7F1F219427EA0031777B /* Download.swift */; };
		CB4B7F222194282C0031777B /* DownloadDelegate.swift in Sources */ = {isa = PBXBuildFile; fileRef = CB4B7F212194282C0031777B /* DownloadDelegate.swift */; };
/* End PBXBuildFile section */

/* Begin PBXFileReference section */
		CB4B7F07219427DB0031777B /* downloadAPpXD.app */ = {isa = PBXFileReference; explicitFileType = wrapper.application; includeInIndex = 0; path = downloadAPpXD.app; sourceTree = BUILT_PRODUCTS_DIR; };
		CB4B7F0A219427DB0031777B /* AppDelegate.swift */ = {isa = PBXFileReference; lastKnownFileType = sourcecode.swift; path = AppDelegate.swift; sourceTree = "<group>"; };
		CB4B7F0C219427DB0031777B /* ViewController.swift */ = {isa = PBXFileReference; lastKnownFileType = sourcecode.swift; path = ViewController.swift; sourceTree = "<group>"; };
		CB4B7F0F219427DB0031777B /* Base */ = {isa = PBXFileReference; lastKnownFileType = file.storyboard; name = Base; path = Base.lproj/Main.storyboard; sourceTree = "<group>"; };
		CB4B7F12219427DB0031777B /* downloadAPpXD.xcdatamodel */ = {isa = PBXFileReference; lastKnownFileType = wrapper.xcdatamodel; path = downloadAPpXD.xcdatamodel; sourceTree = "<group>"; };
		CB4B7F14219427DD0031777B /* Assets.xcassets */ = {isa = PBXFileReference; lastKnownFileType = folder.assetcatalog; path = Assets.xcassets; sourceTree = "<group>"; };
		CB4B7F17219427DD0031777B /* Base */ = {isa = PBXFileReference; lastKnownFileType = file.storyboard; name = Base; path = Base.lproj/LaunchScreen.storyboard; sourceTree = "<group>"; };
		CB4B7F19219427DD0031777B /* Info.plist */ = {isa = PBXFileReference; lastKnownFileType = text.plist.xml; path = Info.plist; sourceTree = "<group>"; };
		CB4B7F1F219427EA0031777B /* Download.swift */ = {isa = PBXFileReference; lastKnownFileType = sourcecode.swift; path = Download.swift; sourceTree = "<group>"; };
		CB4B7F212194282C0031777B /* DownloadDelegate.swift */ = {isa = PBXFileReference; lastKnownFileType = sourcecode.swift; path = DownloadDelegate.swift; sourceTree = "<group>"; };
/* End PBXFileReference section */

/* Begin PBXFrameworksBuildPhase section */
		CB4B7F04219427DB0031777B /* Frameworks */ = {
			isa = PBXFrameworksBuildPhase;
			buildActionMask = 2147483647;
			files = (
			);
			runOnlyForDeploymentPostprocessing = 0;
		};
/* End PBXFrameworksBuildPhase section */

/* Begin PBXGroup section */
		CB4B7EFE219427DB0031777B = {
			isa = PBXGroup;
			children = (
				CB4B7F09219427DB0031777B /* downloadAPpXD */,
				CB4B7F08219427DB0031777B /* Products */,
			);
			sourceTree = "<group>";
		};
		CB4B7F08219427DB0031777B /* Products */ = {
			isa = PBXGroup;
			children = (
				CB4B7F07219427DB0031777B /* downloadAPpXD.app */,
			);
			name = Products;
			sourceTree = "<group>";
		};
		CB4B7F09219427DB0031777B /* downloadAPpXD */ = {
			isa = PBXGroup;
			children = (
				CB4B7F0A219427DB0031777B /* AppDelegate.swift */,
				CB4B7F0C219427DB0031777B /* ViewController.swift */,
				CB4B7F0E219427DB0031777B /* Main.storyboard */,
				CB4B7F14219427DD0031777B /* Assets.xcassets */,
				CB4B7F16219427DD0031777B /* LaunchScreen.storyboard */,
				CB4B7F19219427DD0031777B /* Info.plist */,
				CB4B7F11219427DB0031777B /* downloadAPpXD.xcdatamodeld */,
				CB4B7F1F219427EA0031777B /* Download.swift */,
				CB4B7F212194282C0031777B /* DownloadDelegate.swift */,
			);
			path = downloadAPpXD;
			sourceTree = "<group>";
		};
/* End PBXGroup section */

/* Begin PBXNativeTarget section */
		CB4B7F06219427DB0031777B /* downloadAPpXD */ = {
			isa = PBXNativeTarget;
			buildConfigurationList = CB4B7F1C219427DD0031777B /* Build configuration list for PBXNativeTarget "downloadAPpXD" */;
			buildPhases = (
				CB4B7F03219427DB0031777B /* Sources */,
				CB4B7F04219427DB0031777B /* Frameworks */,
				CB4B7F05219427DB0031777B /* Resources */,
			);
			buildRules = (
			);
			dependencies = (
			);
			name = downloadAPpXD;
			productName = downloadAPpXD;
			productReference = CB4B7F07219427DB0031777B /* downloadAPpXD.app */;
			productType = "com.apple.product-type.application";
		};
/* End PBXNativeTarget section */

/* Begin PBXProject section */
		CB4B7EFF219427DB0031777B /* Project object */ = {
			isa = PBXProject;
			attributes = {
				LastSwiftUpdateCheck = 1010;
				LastUpgradeCheck = 1010;
				ORGANIZATIONNAME = vattanac;
				TargetAttributes = {
					CB4B7F06219427DB0031777B = {
						CreatedOnToolsVersion = 10.1;
					};
				};
			};
			buildConfigurationList = CB4B7F02219427DB0031777B /* Build configuration list for PBXProject "downloadAPpXD" */;
			compatibilityVersion = "Xcode 9.3";
			developmentRegion = en;
			hasScannedForEncodings = 0;
			knownRegions = (
				en,
				Base,
			);
			mainGroup = CB4B7EFE219427DB0031777B;
			productRefGroup = CB4B7F08219427DB0031777B /* Products */;
			projectDirPath = "";
			projectRoot = "";
			targets = (
				CB4B7F06219427DB0031777B /* downloadAPpXD */,
			);
		};
/* End PBXProject section */

/* Begin PBXResourcesBuildPhase section */
		CB4B7F05219427DB0031777B /* Resources */ = {
			isa = PBXResourcesBuildPhase;
			buildActionMask = 2147483647;
			files = (
				CB4B7F18219427DD0031777B /* LaunchScreen.storyboard in Resources */,
				CB4B7F15219427DD0031777B /* Assets.xcassets in Resources */,
				CB4B7F10219427DB0031777B /* Main.storyboard in Resources */,
			);
			runOnlyForDeploymentPostprocessing = 0;
		};
/* End PBXResourcesBuildPhase section */

/* Begin PBXSourcesBuildPhase section */
		CB4B7F03219427DB0031777B /* Sources */ = {
			isa = PBXSourcesBuildPhase;
			buildActionMask = 2147483647;
			files = (
				CB4B7F0D219427DB0031777B /* ViewController.swift in Sources */,
				CB4B7F222194282C0031777B /* DownloadDelegate.swift in Sources */,
				CB4B7F20219427EA0031777B /* Download.swift in Sources */,
				CB4B7F13219427DB0031777B /* downloadAPpXD.xcdatamodeld in Sources */,
				CB4B7F0B219427DB0031777B /* AppDelegate.swift in Sources */,
			);
			runOnlyForDeploymentPostprocessing = 0;
		};
/* End PBXSourcesBuildPhase section */

/* Begin PBXVariantGroup section */
		CB4B7F0E219427DB0031777B /* Main.storyboard */ = {
			isa = PBXVariantGroup;
			children = (
				CB4B7F0F219427DB0031777B /* Base */,
			);
			name = Main.storyboard;
			sourceTree = "<group>";
		};
		CB4B7F16219427DD0031777B /* LaunchScreen.storyboard */ = {
			isa = PBXVariantGroup;
			children = (
				CB4B7F17219427DD0031777B /* Base */,
			);
			name = LaunchScreen.storyboard;
			sourceTree = "<group>";
		};
/* End PBXVariantGroup section */

/* Begin XCBuildConfiguration section */
		CB4B7F1A219427DD0031777B /* Debug */ = {
			isa = XCBuildConfiguration;
			buildSettings = {
				ALWAYS_SEARCH_USER_PATHS = NO;
				CLANG_ANALYZER_NONNULL = YES;
				CLANG_ANALYZER_NUMBER_OBJECT_CONVERSION = YES_AGGRESSIVE;
				CLANG_CXX_LANGUAGE_STANDARD = "gnu++14";
				CLANG_CXX_LIBRARY = "libc++";
				CLANG_ENABLE_MODULES = YES;
				CLANG_ENABLE_OBJC_ARC = YES;
				CLANG_ENABLE_OBJC_WEAK = YES;
				CLANG_WARN_BLOCK_CAPTURE_AUTORELEASING = YES;
				CLANG_WARN_BOOL_CONVERSION = YES;
				CLANG_WARN_COMMA = YES;
				CLANG_WARN_CONSTANT_CONVERSION = YES;
				CLANG_WARN_DEPRECATED_OBJC_IMPLEMENTATIONS = YES;
				CLANG_WARN_DIRECT_OBJC_ISA_USAGE = YES_ERROR;
				CLANG_WARN_DOCUMENTATION_COMMENTS = YES;
				CLANG_WARN_EMPTY_BODY = YES;
				CLANG_WARN_ENUM_CONVERSION = YES;
				CLANG_WARN_INFINITE_RECURSION = YES;
				CLANG_WARN_INT_CONVERSION = YES;
				CLANG_WARN_NON_LITERAL_NULL_CONVERSION = YES;
				CLANG_WARN_OBJC_IMPLICIT_RETAIN_SELF = YES;
				CLANG_WARN_OBJC_LITERAL_CONVERSION = YES;
				CLANG_WARN_OBJC_ROOT_CLASS = YES_ERROR;
				CLANG_WARN_RANGE_LOOP_ANALYSIS = YES;
				CLANG_WARN_STRICT_PROTOTYPES = YES;
				CLANG_WARN_SUSPICIOUS_MOVE = YES;
				CLANG_WARN_UNGUARDED_AVAILABILITY = YES_AGGRESSIVE;
				CLANG_WARN_UNREACHABLE_CODE = YES;
				CLANG_WARN__DUPLICATE_METHOD_MATCH = YES;
				CODE_SIGN_IDENTITY = "iPhone Developer";
				COPY_PHASE_STRIP = NO;
				DEBUG_INFORMATION_FORMAT = dwarf;
				ENABLE_STRICT_OBJC_MSGSEND = YES;
				ENABLE_TESTABILITY = YES;
				GCC_C_LANGUAGE_STANDARD = gnu11;
				GCC_DYNAMIC_NO_PIC = NO;
				GCC_NO_COMMON_BLOCKS = YES;
				GCC_OPTIMIZATION_LEVEL = 0;
				GCC_PREPROCESSOR_DEFINITIONS = (
					"DEBUG=1",
					"$(inherited)",
				);
				GCC_WARN_64_TO_32_BIT_CONVERSION = YES;
				GCC_WARN_ABOUT_RETURN_TYPE = YES_ERROR;
				GCC_WARN_UNDECLARED_SELECTOR = YES;
				GCC_WARN_UNINITIALIZED_AUTOS = YES_AGGRESSIVE;
				GCC_WARN_UNUSED_FUNCTION = YES;
				GCC_WARN_UNUSED_VARIABLE = YES;
				IPHONEOS_DEPLOYMENT_TARGET = 12.1;
				MTL_ENABLE_DEBUG_INFO = INCLUDE_SOURCE;
				MTL_FAST_MATH = YES;
				ONLY_ACTIVE_ARCH = YES;
				SDKROOT = iphoneos;
				SWIFT_ACTIVE_COMPILATION_CONDITIONS = DEBUG;
				SWIFT_OPTIMIZATION_LEVEL = "-Onone";
			};
			name = Debug;
		};
		CB4B7F1B219427DD0031777B /* Release */ = {
			isa = XCBuildConfiguration;
			buildSettings = {
				ALWAYS_SEARCH_USER_PATHS = NO;
				CLANG_ANALYZER_NONNULL = YES;
				CLANG_ANALYZER_NUMBER_OBJECT_CONVERSION = YES_AGGRESSIVE;
				CLANG_CXX_LANGUAGE_STANDARD = "gnu++14";
				CLANG_CXX_LIBRARY = "libc++";
				CLANG_ENABLE_MODULES = YES;
				CLANG_ENABLE_OBJC_ARC = YES;
				CLANG_ENABLE_OBJC_WEAK = YES;
				CLANG_WARN_BLOCK_CAPTURE_AUTORELEASING = YES;
				CLANG_WARN_BOOL_CONVERSION = YES;
				CLANG_WARN_COMMA = YES;
				CLANG_WARN_CONSTANT_CONVERSION = YES;
				CLANG_WARN_DEPRECATED_OBJC_IMPLEMENTATIONS = YES;
				CLANG_WARN_DIRECT_OBJC_ISA_USAGE = YES_ERROR;
				CLANG_WARN_DOCUMENTATION_COMMENTS = YES;
				CLANG_WARN_EMPTY_BODY = YES;
				CLANG_WARN_ENUM_CONVERSION = YES;
				CLANG_WARN_INFINITE_RECURSION = YES;
				CLANG_WARN_INT_CONVERSION = YES;
				CLANG_WARN_NON_LITERAL_NULL_CONVERSION = YES;
				CLANG_WARN_OBJC_IMPLICIT_RETAIN_SELF = YES;
				CLANG_WARN_OBJC_LITERAL_CONVERSION = YES;
				CLANG_WARN_OBJC_ROOT_CLASS = YES_ERROR;
				CLANG_WARN_RANGE_LOOP_ANALYSIS = YES;
				CLANG_WARN_STRICT_PROTOTYPES = YES;
				CLANG_WARN_SUSPICIOUS_MOVE = YES;
				CLANG_WARN_UNGUARDED_AVAILABILITY = YES_AGGRESSIVE;
				CLANG_WARN_UNREACHABLE_CODE = YES;
				CLANG_WARN__DUPLICATE_METHOD_MATCH = YES;
				CODE_SIGN_IDENTITY = "iPhone Developer";
				COPY_PHASE_STRIP = NO;
				DEBUG_INFORMATION_FORMAT = "dwarf-with-dsym";
				ENABLE_NS_ASSERTIONS = NO;
				ENABLE_STRICT_OBJC_MSGSEND = YES;
				GCC_C_LANGUAGE_STANDARD = gnu11;
				GCC_NO_COMMON_BLOCKS = YES;
				GCC_WARN_64_TO_32_BIT_CONVERSION = YES;
				GCC_WARN_ABOUT_RETURN_TYPE = YES_ERROR;
				GCC_WARN_UNDECLARED_SELECTOR = YES;
				GCC_WARN_UNINITIALIZED_AUTOS = YES_AGGRESSIVE;
				GCC_WARN_UNUSED_FUNCTION = YES;
				GCC_WARN_UNUSED_VARIABLE = YES;
				IPHONEOS_DEPLOYMENT_TARGET = 12.1;
				MTL_ENABLE_DEBUG_INFO = NO;
				MTL_FAST_MATH = YES;
				SDKROOT = iphoneos;
				SWIFT_COMPILATION_MODE = wholemodule;
				SWIFT_OPTIMIZATION_LEVEL = "-O";
				VALIDATE_PRODUCT = YES;
			};
			name = Release;
		};
		CB4B7F1D219427DD0031777B /* Debug */ = {
			isa = XCBuildConfiguration;
			buildSettings = {
				ASSETCATALOG_COMPILER_APPICON_NAME = AppIcon;
				CODE_SIGN_STYLE = Automatic;
				DEVELOPMENT_TEAM = SLX43TCA7R;
				INFOPLIST_FILE = downloadAPpXD/Info.plist;
				LD_RUNPATH_SEARCH_PATHS = (
					"$(inherited)",
					"@executable_path/Frameworks",
				);
				PRODUCT_BUNDLE_IDENTIFIER = com.vatttanac.downloadAPpXD;
				PRODUCT_NAME = "$(TARGET_NAME)";
				SWIFT_VERSION = 4.2;
				TARGETED_DEVICE_FAMILY = "1,2";
			};
			name = Debug;
		};
		CB4B7F1E219427DD0031777B /* Release */ = {
			isa = XCBuildConfiguration;
			buildSettings = {
				ASSETCATALOG_COMPILER_APPICON_NAME = AppIcon;
				CODE_SIGN_STYLE = Automatic;
				DEVELOPMENT_TEAM = SLX43TCA7R;
				INFOPLIST_FILE = downloadAPpXD/Info.plist;
				LD_RUNPATH_SEARCH_PATHS = (
					"$(inherited)",
					"@executable_path/Frameworks",
				);
				PRODUCT_BUNDLE_IDENTIFIER = com.vatttanac.downloadAPpXD;
				PRODUCT_NAME = "$(TARGET_NAME)";
				SWIFT_VERSION = 4.2;
				TARGETED_DEVICE_FAMILY = "1,2";
			};
			name = Release;
		};
/* End XCBuildConfiguration section */

/* Begin XCConfigurationList section */
		CB4B7F02219427DB0031777B /* Build configuration list for PBXProject "downloadAPpXD" */ = {
			isa = XCConfigurationList;
			buildConfigurations = (
				CB4B7F1A219427DD0031777B /* Debug */,
				CB4B7F1B219427DD0031777B /* Release */,
			);
			defaultConfigurationIsVisible = 0;
			defaultConfigurationName = Release;
		};
		CB4B7F1C219427DD0031777B /* Build configuration list for PBXNativeTarget "downloadAPpXD" */ = {
			isa = XCConfigurationList;
			buildConfigurations = (
				CB4B7F1D219427DD0031777B /* Debug */,
				CB4B7F1E219427DD0031777B /* Release */,
			);
			defaultConfigurationIsVisible = 0;
			defaultConfigurationName = Release;
		};
/* End XCConfigurationList section */

/* Begin XCVersionGroup section */
		CB4B7F11219427DB0031777B /* downloadAPpXD.xcdatamodeld */ = {
			isa = XCVersionGroup;
			children = (
				CB4B7F12219427DB0031777B /* downloadAPpXD.xcdatamodel */,
			);
			currentVersion = CB4B7F12219427DB0031777B /* downloadAPpXD.xcdatamodel */;
			path = downloadAPpXD.xcdatamodeld;
			sourceTree = "<group>";
			versionGroupType = wrapper.xcdatamodel;
		};
/* End XCVersionGroup section */
	};
	rootObject = CB4B7EFF219427DB0031777B /* Project object */;
}
